// !$*UTF8*$!
{
	archiveVersion = 1;
	classes = {
	};
	objectVersion = 50;
	objects = {

/* Begin PBXFileReference section */
		4899D0C5221F3D13007D5290 /* MinecraftForge-Credits.txt */ = {isa = PBXFileReference; lastKnownFileType = text; path = "MinecraftForge-Credits.txt"; sourceTree = "<group>"; };
		4899D0C6221F3D13007D5290 /* gradle */ = {isa = PBXFileReference; lastKnownFileType = folder; path = gradle; sourceTree = "<group>"; };
		4899D0C7221F3D14007D5290 /* forge-1.12-14.21.1.2387-changelog.txt */ = {isa = PBXFileReference; lastKnownFileType = text; path = "forge-1.12-14.21.1.2387-changelog.txt"; sourceTree = "<group>"; };
		4899D0C8221F3D14007D5290 /* eclipse */ = {isa = PBXFileReference; lastKnownFileType = folder; path = eclipse; sourceTree = "<group>"; };
		4899D0C9221F3D14007D5290 /* build */ = {isa = PBXFileReference; lastKnownFileType = folder; path = build; sourceTree = "<group>"; };
		4899D0CA221F3D14007D5290 /* Paulscode SoundSystem CodecIBXM License.txt */ = {isa = PBXFileReference; lastKnownFileType = text; path = "Paulscode SoundSystem CodecIBXM License.txt"; sourceTree = "<group>"; };
		4899D0CB221F3D14007D5290 /* bin */ = {isa = PBXFileReference; lastKnownFileType = folder; path = bin; sourceTree = "<group>"; };
		4899D0CC221F3D14007D5290 /* gradlew.bat */ = {isa = PBXFileReference; lastKnownFileType = text; path = gradlew.bat; sourceTree = "<group>"; };
		4899D0CD221F3D14007D5290 /* run */ = {isa = PBXFileReference; lastKnownFileType = folder; path = run; sourceTree = "<group>"; };
		4899D0CE221F3D15007D5290 /* build.gradle */ = {isa = PBXFileReference; lastKnownFileType = text; path = build.gradle; sourceTree = "<group>"; };
		4899D0CF221F3D15007D5290 /* CREDITS-fml.txt */ = {isa = PBXFileReference; lastKnownFileType = text; path = "CREDITS-fml.txt"; sourceTree = "<group>"; };
		4899D0D0221F3D15007D5290 /* gradle.properties */ = {isa = PBXFileReference; lastKnownFileType = text; path = gradle.properties; sourceTree = "<group>"; };
		4899D0D1221F3D15007D5290 /* gradlew */ = {isa = PBXFileReference; lastKnownFileType = text; path = gradlew; sourceTree = "<group>"; };
		4899D0D2221F3D16007D5290 /* Paulscode IBXM Library License.txt */ = {isa = PBXFileReference; lastKnownFileType = text; path = "Paulscode IBXM Library License.txt"; sourceTree = "<group>"; };
		4899D0D3221F3D16007D5290 /* README.txt */ = {isa = PBXFileReference; lastKnownFileType = text; path = README.txt; sourceTree = "<group>"; };
		4899D0D4221F3D16007D5290 /* src */ = {isa = PBXFileReference; lastKnownFileType = folder; path = src; sourceTree = "<group>"; };
		4899D0D5221F3D16007D5290 /* LICENSE-new.txt */ = {isa = PBXFileReference; lastKnownFileType = text; path = "LICENSE-new.txt"; sourceTree = "<group>"; };
/* End PBXFileReference section */

/* Begin PBXGroup section */
		4899D0BE221F3BD9007D5290 = {
			isa = PBXGroup;
			children = (
				4899D0CB221F3D14007D5290 /* bin */,
				4899D0C9221F3D14007D5290 /* build */,
				4899D0CE221F3D15007D5290 /* build.gradle */,
				4899D0CF221F3D15007D5290 /* CREDITS-fml.txt */,
				4899D0C8221F3D14007D5290 /* eclipse */,
				4899D0C7221F3D14007D5290 /* forge-1.12-14.21.1.2387-changelog.txt */,
				4899D0C6221F3D13007D5290 /* gradle */,
				4899D0D0221F3D15007D5290 /* gradle.properties */,
				4899D0D1221F3D15007D5290 /* gradlew */,
				4899D0CC221F3D14007D5290 /* gradlew.bat */,
				4899D0D5221F3D16007D5290 /* LICENSE-new.txt */,
				4899D0C5221F3D13007D5290 /* MinecraftForge-Credits.txt */,
				4899D0D2221F3D16007D5290 /* Paulscode IBXM Library License.txt */,
				4899D0CA221F3D14007D5290 /* Paulscode SoundSystem CodecIBXM License.txt */,
				4899D0D3221F3D16007D5290 /* README.txt */,
				4899D0CD221F3D14007D5290 /* run */,
				4899D0D4221F3D16007D5290 /* src */,
			);
			sourceTree = "<group>";
		};
/* End PBXGroup section */

/* Begin PBXProject section */
		4899D0BF221F3BD9007D5290 /* Project object */ = {
			isa = PBXProject;
			attributes = {
				LastUpgradeCheck = 0940;
			};
			buildConfigurationList = 4899D0C2221F3BD9007D5290 /* Build configuration list for PBXProject "Apmod2" */;
			compatibilityVersion = "Xcode 9.3";
			developmentRegion = en;
			hasScannedForEncodings = 0;
			knownRegions = (
				en,
			);
			mainGroup = 4899D0BE221F3BD9007D5290;
			projectDirPath = "";
			projectRoot = "";
			targets = (
			);
		};
/* End PBXProject section */

/* Begin XCBuildConfiguration section */
		4899D0C3221F3BD9007D5290 /* Debug */ = {
			isa = XCBuildConfiguration;
			buildSettings = {
			};
			name = Debug;
		};
		4899D0C4221F3BD9007D5290 /* Release */ = {
			isa = XCBuildConfiguration;
			buildSettings = {
			};
			name = Release;
		};
/* End XCBuildConfiguration section */

/* Begin XCConfigurationList section */
		4899D0C2221F3BD9007D5290 /* Build configuration list for PBXProject "Apmod2" */ = {
			isa = XCConfigurationList;
			buildConfigurations = (
				4899D0C3221F3BD9007D5290 /* Debug */,
				4899D0C4221F3BD9007D5290 /* Release */,
			);
			defaultConfigurationIsVisible = 0;
			defaultConfigurationName = Release;
		};
/* End XCConfigurationList section */
	};
	rootObject = 4899D0BF221F3BD9007D5290 /* Project object */;
}
